
Microsoft Visual Studio Solution File, Format Version 12.00
# Visual Studio Version 17
VisualStudioVersion = 17.6.33815.320
MinimumVisualStudioVersion = 10.0.40219.1
Project("{FAE04EC0-301F-11D3-BF4B-00C04F79EFBC}") = "ExchangeRatesBot", "ExchangeRatesBot.csproj", "{9AE2FA65-847C-40FD-B4F3-229D749B2209}"
EndProject
Global
	GlobalSection(SolutionConfigurationPlatforms) = preSolution
		Debug|Any CPU = Debug|Any CPU
		Release|Any CPU = Release|Any CPU
	EndGlobalSection
	GlobalSection(ProjectConfigurationPlatforms) = postSolution
		{9AE2FA65-847C-40FD-B4F3-229D749B2209}.Debug|Any CPU.ActiveCfg = Debug|Any CPU
		{9AE2FA65-847C-40FD-B4F3-229D749B2209}.Debug|Any CPU.Build.0 = Debug|Any CPU
		{9AE2FA65-847C-40FD-B4F3-229D749B2209}.Release|Any CPU.ActiveCfg = Release|Any CPU
		{9AE2FA65-847C-40FD-B4F3-229D749B2209}.Release|Any CPU.Build.0 = Release|Any CPU
	EndGlobalSection
	GlobalSection(SolutionProperties) = preSolution
		HideSolutionNode = FALSE
	EndGlobalSection
	GlobalSection(ExtensibilityGlobals) = postSolution
		SolutionGuid = {AB5B8309-54D2-41D8-99FC-1B846B1CBD05}
	EndGlobalSection
EndGlobal
